// !$*UTF8*$!
{
	archiveVersion = 1;
	classes = {
	};
	objectVersion = 50;
	objects = {

/* Begin PBXBuildFile section */
		614D55AC2672675B00131AA8 /* BookDetailView.swift in Sources */ = {isa = PBXBuildFile; fileRef = 614D55AB2672675B00131AA8 /* BookDetailView.swift */; };
		614D55AE26726CDC00131AA8 /* PageDetailView.swift in Sources */ = {isa = PBXBuildFile; fileRef = 614D55AD26726CDC00131AA8 /* PageDetailView.swift */; };
		619510432671F52100368F04 /* BookApp.swift in Sources */ = {isa = PBXBuildFile; fileRef = 619510422671F52100368F04 /* BookApp.swift */; };
		619510452671F52100368F04 /* ContentView.swift in Sources */ = {isa = PBXBuildFile; fileRef = 619510442671F52100368F04 /* ContentView.swift */; };
		619510472671F52400368F04 /* Assets.xcassets in Resources */ = {isa = PBXBuildFile; fileRef = 619510462671F52400368F04 /* Assets.xcassets */; };
		6195104A2671F52400368F04 /* Preview Assets.xcassets in Resources */ = {isa = PBXBuildFile; fileRef = 619510492671F52400368F04 /* Preview Assets.xcassets */; };
		619510522671F54A00368F04 /* Data.json in Resources */ = {isa = PBXBuildFile; fileRef = 619510512671F54A00368F04 /* Data.json */; };
		619510582671F5BD00368F04 /* Book.swift in Sources */ = {isa = PBXBuildFile; fileRef = 619510572671F5BD00368F04 /* Book.swift */; };
		6195105A2671F72700368F04 /* BookModel.swift in Sources */ = {isa = PBXBuildFile; fileRef = 619510592671F72700368F04 /* BookModel.swift */; };
		6195105C267204FC00368F04 /* BookView.swift in Sources */ = {isa = PBXBuildFile; fileRef = 6195105B267204FC00368F04 /* BookView.swift */; };
/* End PBXBuildFile section */

/* Begin PBXFileReference section */
		614D55AB2672675B00131AA8 /* BookDetailView.swift */ = {isa = PBXFileReference; lastKnownFileType = sourcecode.swift; path = BookDetailView.swift; sourceTree = "<group>"; };
		614D55AD26726CDC00131AA8 /* PageDetailView.swift */ = {isa = PBXFileReference; lastKnownFileType = sourcecode.swift; path = PageDetailView.swift; sourceTree = "<group>"; };
		6195103F2671F52100368F04 /* Book.app */ = {isa = PBXFileReference; explicitFileType = wrapper.application; includeInIndex = 0; path = Book.app; sourceTree = BUILT_PRODUCTS_DIR; };
		619510422671F52100368F04 /* BookApp.swift */ = {isa = PBXFileReference; lastKnownFileType = sourcecode.swift; path = BookApp.swift; sourceTree = "<group>"; };
		619510442671F52100368F04 /* ContentView.swift */ = {isa = PBXFileReference; lastKnownFileType = sourcecode.swift; path = ContentView.swift; sourceTree = "<group>"; };
		619510462671F52400368F04 /* Assets.xcassets */ = {isa = PBXFileReference; lastKnownFileType = folder.assetcatalog; path = Assets.xcassets; sourceTree = "<group>"; };
		619510492671F52400368F04 /* Preview Assets.xcassets */ = {isa = PBXFileReference; lastKnownFileType = folder.assetcatalog; path = "Preview Assets.xcassets"; sourceTree = "<group>"; };
		6195104B2671F52400368F04 /* Info.plist */ = {isa = PBXFileReference; lastKnownFileType = text.plist.xml; path = Info.plist; sourceTree = "<group>"; };
		619510512671F54A00368F04 /* Data.json */ = {isa = PBXFileReference; fileEncoding = 4; lastKnownFileType = text.json; path = Data.json; sourceTree = "<group>"; };
		619510572671F5BD00368F04 /* Book.swift */ = {isa = PBXFileReference; lastKnownFileType = sourcecode.swift; path = Book.swift; sourceTree = "<group>"; };
		619510592671F72700368F04 /* BookModel.swift */ = {isa = PBXFileReference; lastKnownFileType = sourcecode.swift; path = BookModel.swift; sourceTree = "<group>"; };
		6195105B267204FC00368F04 /* BookView.swift */ = {isa = PBXFileReference; lastKnownFileType = sourcecode.swift; path = BookView.swift; sourceTree = "<group>"; };
/* End PBXFileReference section */

/* Begin PBXFrameworksBuildPhase section */
		6195103C2671F52100368F04 /* Frameworks */ = {
			isa = PBXFrameworksBuildPhase;
			buildActionMask = 2147483647;
			files = (
			);
			runOnlyForDeploymentPostprocessing = 0;
		};
/* End PBXFrameworksBuildPhase section */

/* Begin PBXGroup section */
		619510362671F52100368F04 = {
			isa = PBXGroup;
			children = (
				619510412671F52100368F04 /* Book */,
				619510402671F52100368F04 /* Products */,
			);
			sourceTree = "<group>";
		};
		619510402671F52100368F04 /* Products */ = {
			isa = PBXGroup;
			children = (
				6195103F2671F52100368F04 /* Book.app */,
			);
			name = Products;
			sourceTree = "<group>";
		};
		619510412671F52100368F04 /* Book */ = {
			isa = PBXGroup;
			children = (
				619510422671F52100368F04 /* BookApp.swift */,
				619510552671F57F00368F04 /* ViewModel */,
				619510542671F57800368F04 /* Model */,
				619510532671F56E00368F04 /* Views */,
				619510562671F58F00368F04 /* Data */,
				619510462671F52400368F04 /* Assets.xcassets */,
				6195104B2671F52400368F04 /* Info.plist */,
				619510482671F52400368F04 /* Preview Content */,
			);
			path = Book;
			sourceTree = "<group>";
		};
		619510482671F52400368F04 /* Preview Content */ = {
			isa = PBXGroup;
			children = (
				619510492671F52400368F04 /* Preview Assets.xcassets */,
			);
			path = "Preview Content";
			sourceTree = "<group>";
		};
		619510532671F56E00368F04 /* Views */ = {
			isa = PBXGroup;
			children = (
				619510442671F52100368F04 /* ContentView.swift */,
				6195105B267204FC00368F04 /* BookView.swift */,
				614D55AB2672675B00131AA8 /* BookDetailView.swift */,
				614D55AD26726CDC00131AA8 /* PageDetailView.swift */,
			);
			path = Views;
			sourceTree = "<group>";
		};
		619510542671F57800368F04 /* Model */ = {
			isa = PBXGroup;
			children = (
				619510572671F5BD00368F04 /* Book.swift */,
			);
			path = Model;
			sourceTree = "<group>";
		};
		619510552671F57F00368F04 /* ViewModel */ = {
			isa = PBXGroup;
			children = (
				619510592671F72700368F04 /* BookModel.swift */,
			);
			path = ViewModel;
			sourceTree = "<group>";
		};
		619510562671F58F00368F04 /* Data */ = {
			isa = PBXGroup;
			children = (
				619510512671F54A00368F04 /* Data.json */,
			);
			path = Data;
			sourceTree = "<group>";
		};
/* End PBXGroup section */

/* Begin PBXNativeTarget section */
		6195103E2671F52100368F04 /* Book */ = {
			isa = PBXNativeTarget;
			buildConfigurationList = 6195104E2671F52400368F04 /* Build configuration list for PBXNativeTarget "Book" */;
			buildPhases = (
				6195103B2671F52100368F04 /* Sources */,
				6195103C2671F52100368F04 /* Frameworks */,
				6195103D2671F52100368F04 /* Resources */,
			);
			buildRules = (
			);
			dependencies = (
			);
			name = Book;
			productName = Book;
			productReference = 6195103F2671F52100368F04 /* Book.app */;
			productType = "com.apple.product-type.application";
		};
/* End PBXNativeTarget section */

/* Begin PBXProject section */
		619510372671F52100368F04 /* Project object */ = {
			isa = PBXProject;
			attributes = {
				LastSwiftUpdateCheck = 1250;
				LastUpgradeCheck = 1250;
				TargetAttributes = {
					6195103E2671F52100368F04 = {
						CreatedOnToolsVersion = 12.5;
					};
				};
			};
			buildConfigurationList = 6195103A2671F52100368F04 /* Build configuration list for PBXProject "Book" */;
			compatibilityVersion = "Xcode 9.3";
			developmentRegion = en;
			hasScannedForEncodings = 0;
			knownRegions = (
				en,
				Base,
			);
			mainGroup = 619510362671F52100368F04;
			productRefGroup = 619510402671F52100368F04 /* Products */;
			projectDirPath = "";
			projectRoot = "";
			targets = (
				6195103E2671F52100368F04 /* Book */,
			);
		};
/* End PBXProject section */

/* Begin PBXResourcesBuildPhase section */
		6195103D2671F52100368F04 /* Resources */ = {
			isa = PBXResourcesBuildPhase;
			buildActionMask = 2147483647;
			files = (
				6195104A2671F52400368F04 /* Preview Assets.xcassets in Resources */,
				619510472671F52400368F04 /* Assets.xcassets in Resources */,
				619510522671F54A00368F04 /* Data.json in Resources */,
			);
			runOnlyForDeploymentPostprocessing = 0;
		};
/* End PBXResourcesBuildPhase section */

/* Begin PBXSourcesBuildPhase section */
		6195103B2671F52100368F04 /* Sources */ = {
			isa = PBXSourcesBuildPhase;
			buildActionMask = 2147483647;
			files = (
				619510452671F52100368F04 /* ContentView.swift in Sources */,
				619510432671F52100368F04 /* BookApp.swift in Sources */,
				6195105A2671F72700368F04 /* BookModel.swift in Sources */,
				614D55AE26726CDC00131AA8 /* PageDetailView.swift in Sources */,
				619510582671F5BD00368F04 /* Book.swift in Sources */,
				614D55AC2672675B00131AA8 /* BookDetailView.swift in Sources */,
				6195105C267204FC00368F04 /* BookView.swift in Sources */,
			);
			runOnlyForDeploymentPostprocessing = 0;
		};
/* End PBXSourcesBuildPhase section */

/* Begin XCBuildConfiguration section */
		6195104C2671F52400368F04 /* Debug */ = {
			isa = XCBuildConfiguration;
			buildSettings = {
				ALWAYS_SEARCH_USER_PATHS = NO;
				CLANG_ANALYZER_NONNULL = YES;
				CLANG_ANALYZER_NUMBER_OBJECT_CONVERSION = YES_AGGRESSIVE;
				CLANG_CXX_LANGUAGE_STANDARD = "gnu++14";
				CLANG_CXX_LIBRARY = "libc++";
				CLANG_ENABLE_MODULES = YES;
				CLANG_ENABLE_OBJC_ARC = YES;
				CLANG_ENABLE_OBJC_WEAK = YES;
				CLANG_WARN_BLOCK_CAPTURE_AUTORELEASING = YES;
				CLANG_WARN_BOOL_CONVERSION = YES;
				CLANG_WARN_COMMA = YES;
				CLANG_WARN_CONSTANT_CONVERSION = YES;
				CLANG_WARN_DEPRECATED_OBJC_IMPLEMENTATIONS = YES;
				CLANG_WARN_DIRECT_OBJC_ISA_USAGE = YES_ERROR;
				CLANG_WARN_DOCUMENTATION_COMMENTS = YES;
				CLANG_WARN_EMPTY_BODY = YES;
				CLANG_WARN_ENUM_CONVERSION = YES;
				CLANG_WARN_INFINITE_RECURSION = YES;
				CLANG_WARN_INT_CONVERSION = YES;
				CLANG_WARN_NON_LITERAL_NULL_CONVERSION = YES;
				CLANG_WARN_OBJC_IMPLICIT_RETAIN_SELF = YES;
				CLANG_WARN_OBJC_LITERAL_CONVERSION = YES;
				CLANG_WARN_OBJC_ROOT_CLASS = YES_ERROR;
				CLANG_WARN_QUOTED_INCLUDE_IN_FRAMEWORK_HEADER = YES;
				CLANG_WARN_RANGE_LOOP_ANALYSIS = YES;
				CLANG_WARN_STRICT_PROTOTYPES = YES;
				CLANG_WARN_SUSPICIOUS_MOVE = YES;
				CLANG_WARN_UNGUARDED_AVAILABILITY = YES_AGGRESSIVE;
				CLANG_WARN_UNREACHABLE_CODE = YES;
				CLANG_WARN__DUPLICATE_METHOD_MATCH = YES;
				COPY_PHASE_STRIP = NO;
				DEBUG_INFORMATION_FORMAT = dwarf;
				ENABLE_STRICT_OBJC_MSGSEND = YES;
				ENABLE_TESTABILITY = YES;
				GCC_C_LANGUAGE_STANDARD = gnu11;
				GCC_DYNAMIC_NO_PIC = NO;
				GCC_NO_COMMON_BLOCKS = YES;
				GCC_OPTIMIZATION_LEVEL = 0;
				GCC_PREPROCESSOR_DEFINITIONS = (
					"DEBUG=1",
					"$(inherited)",
				);
				GCC_WARN_64_TO_32_BIT_CONVERSION = YES;
				GCC_WARN_ABOUT_RETURN_TYPE = YES_ERROR;
				GCC_WARN_UNDECLARED_SELECTOR = YES;
				GCC_WARN_UNINITIALIZED_AUTOS = YES_AGGRESSIVE;
				GCC_WARN_UNUSED_FUNCTION = YES;
				GCC_WARN_UNUSED_VARIABLE = YES;
				IPHONEOS_DEPLOYMENT_TARGET = 14.5;
				MTL_ENABLE_DEBUG_INFO = INCLUDE_SOURCE;
				MTL_FAST_MATH = YES;
				ONLY_ACTIVE_ARCH = YES;
				SDKROOT = iphoneos;
				SWIFT_ACTIVE_COMPILATION_CONDITIONS = DEBUG;
				SWIFT_OPTIMIZATION_LEVEL = "-Onone";
			};
			name = Debug;
		};
		6195104D2671F52400368F04 /* Release */ = {
			isa = XCBuildConfiguration;
			buildSettings = {
				ALWAYS_SEARCH_USER_PATHS = NO;
				CLANG_ANALYZER_NONNULL = YES;
				CLANG_ANALYZER_NUMBER_OBJECT_CONVERSION = YES_AGGRESSIVE;
				CLANG_CXX_LANGUAGE_STANDARD = "gnu++14";
				CLANG_CXX_LIBRARY = "libc++";
				CLANG_ENABLE_MODULES = YES;
				CLANG_ENABLE_OBJC_ARC = YES;
				CLANG_ENABLE_OBJC_WEAK = YES;
				CLANG_WARN_BLOCK_CAPTURE_AUTORELEASING = YES;
				CLANG_WARN_BOOL_CONVERSION = YES;
				CLANG_WARN_COMMA = YES;
				CLANG_WARN_CONSTANT_CONVERSION = YES;
				CLANG_WARN_DEPRECATED_OBJC_IMPLEMENTATIONS = YES;
				CLANG_WARN_DIRECT_OBJC_ISA_USAGE = YES_ERROR;
				CLANG_WARN_DOCUMENTATION_COMMENTS = YES;
				CLANG_WARN_EMPTY_BODY = YES;
				CLANG_WARN_ENUM_CONVERSION = YES;
				CLANG_WARN_INFINITE_RECURSION = YES;
				CLANG_WARN_INT_CONVERSION = YES;
				CLANG_WARN_NON_LITERAL_NULL_CONVERSION = YES;
				CLANG_WARN_OBJC_IMPLICIT_RETAIN_SELF = YES;
				CLANG_WARN_OBJC_LITERAL_CONVERSION = YES;
				CLANG_WARN_OBJC_ROOT_CLASS = YES_ERROR;
				CLANG_WARN_QUOTED_INCLUDE_IN_FRAMEWORK_HEADER = YES;
				CLANG_WARN_RANGE_LOOP_ANALYSIS = YES;
				CLANG_WARN_STRICT_PROTOTYPES = YES;
				CLANG_WARN_SUSPICIOUS_MOVE = YES;
				CLANG_WARN_UNGUARDED_AVAILABILITY = YES_AGGRESSIVE;
				CLANG_WARN_UNREACHABLE_CODE = YES;
				CLANG_WARN__DUPLICATE_METHOD_MATCH = YES;
				COPY_PHASE_STRIP = NO;
				DEBUG_INFORMATION_FORMAT = "dwarf-with-dsym";
				ENABLE_NS_ASSERTIONS = NO;
				ENABLE_STRICT_OBJC_MSGSEND = YES;
				GCC_C_LANGUAGE_STANDARD = gnu11;
				GCC_NO_COMMON_BLOCKS = YES;
				GCC_WARN_64_TO_32_BIT_CONVERSION = YES;
				GCC_WARN_ABOUT_RETURN_TYPE = YES_ERROR;
				GCC_WARN_UNDECLARED_SELECTOR = YES;
				GCC_WARN_UNINITIALIZED_AUTOS = YES_AGGRESSIVE;
				GCC_WARN_UNUSED_FUNCTION = YES;
				GCC_WARN_UNUSED_VARIABLE = YES;
				IPHONEOS_DEPLOYMENT_TARGET = 14.5;
				MTL_ENABLE_DEBUG_INFO = NO;
				MTL_FAST_MATH = YES;
				SDKROOT = iphoneos;
				SWIFT_COMPILATION_MODE = wholemodule;
				SWIFT_OPTIMIZATION_LEVEL = "-O";
				VALIDATE_PRODUCT = YES;
			};
			name = Release;
		};
		6195104F2671F52400368F04 /* Debug */ = {
			isa = XCBuildConfiguration;
			buildSettings = {
				ASSETCATALOG_COMPILER_APPICON_NAME = AppIcon;
				ASSETCATALOG_COMPILER_GLOBAL_ACCENT_COLOR_NAME = AccentColor;
				CODE_SIGN_STYLE = Automatic;
				DEVELOPMENT_ASSET_PATHS = "\"Book/Preview Content\"";
				DEVELOPMENT_TEAM = MN56A5F393;
				ENABLE_PREVIEWS = YES;
				INFOPLIST_FILE = Book/Info.plist;
				IPHONEOS_DEPLOYMENT_TARGET = 14.0;
				LD_RUNPATH_SEARCH_PATHS = (
					"$(inherited)",
					"@executable_path/Frameworks",
				);
				PRODUCT_BUNDLE_IDENTIFIER = "-.Book";
				PRODUCT_NAME = "$(TARGET_NAME)";
				SWIFT_VERSION = 5.0;
				TARGETED_DEVICE_FAMILY = "1,2";
			};
			name = Debug;
		};
		619510502671F52400368F04 /* Release */ = {
			isa = XCBuildConfiguration;
			buildSettings = {
				ASSETCATALOG_COMPILER_APPICON_NAME = AppIcon;
				ASSETCATALOG_COMPILER_GLOBAL_ACCENT_COLOR_NAME = AccentColor;
				CODE_SIGN_STYLE = Automatic;
				DEVELOPMENT_ASSET_PATHS = "\"Book/Preview Content\"";
				DEVELOPMENT_TEAM = MN56A5F393;
				ENABLE_PREVIEWS = YES;
				INFOPLIST_FILE = Book/Info.plist;
				IPHONEOS_DEPLOYMENT_TARGET = 14.0;
				LD_RUNPATH_SEARCH_PATHS = (
					"$(inherited)",
					"@executable_path/Frameworks",
				);
				PRODUCT_BUNDLE_IDENTIFIER = "-.Book";
				PRODUCT_NAME = "$(TARGET_NAME)";
				SWIFT_VERSION = 5.0;
				TARGETED_DEVICE_FAMILY = "1,2";
			};
			name = Release;
		};
/* End XCBuildConfiguration section */

/* Begin XCConfigurationList section */
		6195103A2671F52100368F04 /* Build configuration list for PBXProject "Book" */ = {
			isa = XCConfigurationList;
			buildConfigurations = (
				6195104C2671F52400368F04 /* Debug */,
				6195104D2671F52400368F04 /* Release */,
			);
			defaultConfigurationIsVisible = 0;
			defaultConfigurationName = Release;
		};
		6195104E2671F52400368F04 /* Build configuration list for PBXNativeTarget "Book" */ = {
			isa = XCConfigurationList;
			buildConfigurations = (
				6195104F2671F52400368F04 /* Debug */,
				619510502671F52400368F04 /* Release */,
			);
			defaultConfigurationIsVisible = 0;
			defaultConfigurationName = Release;
		};
/* End XCConfigurationList section */
	};
	rootObject = 619510372671F52100368F04 /* Project object */;
}
